// !$*UTF8*$!
{
	archiveVersion = 1;
	classes = {
	};
	objectVersion = 46;
	objects = {

/* Begin PBXBuildFile section */
		2B4BF9D71F039131008D9A99 /* AppDelegate.swift in Sources */ = {isa = PBXBuildFile; fileRef = 2B4BF9D61F039131008D9A99 /* AppDelegate.swift */; };
		2B4BF9D91F039131008D9A99 /* ViewController.swift in Sources */ = {isa = PBXBuildFile; fileRef = 2B4BF9D81F039131008D9A99 /* ViewController.swift */; };
		2B4BF9DC1F039131008D9A99 /* Main.storyboard in Resources */ = {isa = PBXBuildFile; fileRef = 2B4BF9DA1F039131008D9A99 /* Main.storyboard */; };
		2B4BF9DE1F039131008D9A99 /* Assets.xcassets in Resources */ = {isa = PBXBuildFile; fileRef = 2B4BF9DD1F039131008D9A99 /* Assets.xcassets */; };
		2B4BF9E11F039131008D9A99 /* LaunchScreen.storyboard in Resources */ = {isa = PBXBuildFile; fileRef = 2B4BF9DF1F039131008D9A99 /* LaunchScreen.storyboard */; };
		2B4BF9EC1F039131008D9A99 /* XY_architecture_viperTests.swift in Sources */ = {isa = PBXBuildFile; fileRef = 2B4BF9EB1F039131008D9A99 /* XY_architecture_viperTests.swift */; };
		2B4BF9F71F039131008D9A99 /* XY_architecture_viperUITests.swift in Sources */ = {isa = PBXBuildFile; fileRef = 2B4BF9F61F039131008D9A99 /* XY_architecture_viperUITests.swift */; };
		2B87E4781F0F8E0B005796E4 /* XYViperProtocols.swift in Sources */ = {isa = PBXBuildFile; fileRef = 2B87E4771F0F8E0B005796E4 /* XYViperProtocols.swift */; };
		2B87E4871F0F8F20005796E4 /* MainModuleInterface.swift in Sources */ = {isa = PBXBuildFile; fileRef = 2B87E4861F0F8F20005796E4 /* MainModuleInterface.swift */; };
		2B87E4891F0F8F64005796E4 /* LoginModuleInterface.swift in Sources */ = {isa = PBXBuildFile; fileRef = 2B87E4881F0F8F64005796E4 /* LoginModuleInterface.swift */; };
		2B87E48B1F0F8F7D005796E4 /* RegisterModuleInterface.swift in Sources */ = {isa = PBXBuildFile; fileRef = 2B87E48A1F0F8F7D005796E4 /* RegisterModuleInterface.swift */; };
		2B87E48D1F0F8F9B005796E4 /* RegisterModuleDelegate.swift in Sources */ = {isa = PBXBuildFile; fileRef = 2B87E48C1F0F8F9B005796E4 /* RegisterModuleDelegate.swift */; };
		2B87E48F1F0F8FB4005796E4 /* LoginModuleDelegate.swift in Sources */ = {isa = PBXBuildFile; fileRef = 2B87E48E1F0F8FB4005796E4 /* LoginModuleDelegate.swift */; };
		2B87E4911F0F8FC3005796E4 /* MainModuleDelegate.swift in Sources */ = {isa = PBXBuildFile; fileRef = 2B87E4901F0F8FC3005796E4 /* MainModuleDelegate.swift */; };
		2B87E4931F0F901C005796E4 /* LoginViewController.swift in Sources */ = {isa = PBXBuildFile; fileRef = 2B87E4921F0F901C005796E4 /* LoginViewController.swift */; };
		2B87E4951F0F9047005796E4 /* RegisterViewController.swift in Sources */ = {isa = PBXBuildFile; fileRef = 2B87E4941F0F9047005796E4 /* RegisterViewController.swift */; };
		2B87E4971F0F9063005796E4 /* MainViewController.swift in Sources */ = {isa = PBXBuildFile; fileRef = 2B87E4961F0F9063005796E4 /* MainViewController.swift */; };
		2B87E4991F0F90C9005796E4 /* RegisterPresenter.swift in Sources */ = {isa = PBXBuildFile; fileRef = 2B87E4981F0F90C9005796E4 /* RegisterPresenter.swift */; };
		2B87E49B1F0F90E9005796E4 /* LoginPresenter.swift in Sources */ = {isa = PBXBuildFile; fileRef = 2B87E49A1F0F90E9005796E4 /* LoginPresenter.swift */; };
		2B87E49D1F0F9109005796E4 /* MainPresenter.swift in Sources */ = {isa = PBXBuildFile; fileRef = 2B87E49C1F0F9109005796E4 /* MainPresenter.swift */; };
		2B87E49F1F0F9136005796E4 /* RegisterInteractor.swift in Sources */ = {isa = PBXBuildFile; fileRef = 2B87E49E1F0F9136005796E4 /* RegisterInteractor.swift */; };
		2B87E4A11F0F914C005796E4 /* LoginInteractor.swift in Sources */ = {isa = PBXBuildFile; fileRef = 2B87E4A01F0F914C005796E4 /* LoginInteractor.swift */; };
		2B87E4A31F0F9168005796E4 /* MainInteractor.swift in Sources */ = {isa = PBXBuildFile; fileRef = 2B87E4A21F0F9168005796E4 /* MainInteractor.swift */; };
		2B87E4A51F0F9194005796E4 /* RegisterRouter.swift in Sources */ = {isa = PBXBuildFile; fileRef = 2B87E4A41F0F9194005796E4 /* RegisterRouter.swift */; };
		2B87E4A71F0F91A4005796E4 /* LoginRouter.swift in Sources */ = {isa = PBXBuildFile; fileRef = 2B87E4A61F0F91A4005796E4 /* LoginRouter.swift */; };
		2B87E4A91F0F91B9005796E4 /* MainRouter.swift in Sources */ = {isa = PBXBuildFile; fileRef = 2B87E4A81F0F91B9005796E4 /* MainRouter.swift */; };
		2B87E4AC1F0F920A005796E4 /* AppDelegateDependency.swift in Sources */ = {isa = PBXBuildFile; fileRef = 2B87E4AB1F0F920A005796E4 /* AppDelegateDependency.swift */; };
/* End PBXBuildFile section */

/* Begin PBXContainerItemProxy section */
		2B4BF9E81F039131008D9A99 /* PBXContainerItemProxy */ = {
			isa = PBXContainerItemProxy;
			containerPortal = 2B4BF9CB1F039131008D9A99 /* Project object */;
			proxyType = 1;
			remoteGlobalIDString = 2B4BF9D21F039131008D9A99;
			remoteInfo = XY.architecture.viper;
		};
		2B4BF9F31F039131008D9A99 /* PBXContainerItemProxy */ = {
			isa = PBXContainerItemProxy;
			containerPortal = 2B4BF9CB1F039131008D9A99 /* Project object */;
			proxyType = 1;
			remoteGlobalIDString = 2B4BF9D21F039131008D9A99;
			remoteInfo = XY.architecture.viper;
		};
/* End PBXContainerItemProxy section */

/* Begin PBXFileReference section */
		2B4BF9D31F039131008D9A99 /* XY.architecture.viper.app */ = {isa = PBXFileReference; explicitFileType = wrapper.application; includeInIndex = 0; path = XY.architecture.viper.app; sourceTree = BUILT_PRODUCTS_DIR; };
		2B4BF9D61F039131008D9A99 /* AppDelegate.swift */ = {isa = PBXFileReference; lastKnownFileType = sourcecode.swift; path = AppDelegate.swift; sourceTree = "<group>"; };
		2B4BF9D81F039131008D9A99 /* ViewController.swift */ = {isa = PBXFileReference; lastKnownFileType = sourcecode.swift; path = ViewController.swift; sourceTree = "<group>"; };
		2B4BF9DB1F039131008D9A99 /* Base */ = {isa = PBXFileReference; lastKnownFileType = file.storyboard; name = Base; path = Base.lproj/Main.storyboard; sourceTree = "<group>"; };
		2B4BF9DD1F039131008D9A99 /* Assets.xcassets */ = {isa = PBXFileReference; lastKnownFileType = folder.assetcatalog; path = Assets.xcassets; sourceTree = "<group>"; };
		2B4BF9E01F039131008D9A99 /* Base */ = {isa = PBXFileReference; lastKnownFileType = file.storyboard; name = Base; path = Base.lproj/LaunchScreen.storyboard; sourceTree = "<group>"; };
		2B4BF9E21F039131008D9A99 /* Info.plist */ = {isa = PBXFileReference; lastKnownFileType = text.plist.xml; path = Info.plist; sourceTree = "<group>"; };
		2B4BF9E71F039131008D9A99 /* XY.architecture.viperTests.xctest */ = {isa = PBXFileReference; explicitFileType = wrapper.cfbundle; includeInIndex = 0; path = XY.architecture.viperTests.xctest; sourceTree = BUILT_PRODUCTS_DIR; };
		2B4BF9EB1F039131008D9A99 /* XY_architecture_viperTests.swift */ = {isa = PBXFileReference; lastKnownFileType = sourcecode.swift; path = XY_architecture_viperTests.swift; sourceTree = "<group>"; };
		2B4BF9ED1F039131008D9A99 /* Info.plist */ = {isa = PBXFileReference; lastKnownFileType = text.plist.xml; path = Info.plist; sourceTree = "<group>"; };
		2B4BF9F21F039131008D9A99 /* XY.architecture.viperUITests.xctest */ = {isa = PBXFileReference; explicitFileType = wrapper.cfbundle; includeInIndex = 0; path = XY.architecture.viperUITests.xctest; sourceTree = BUILT_PRODUCTS_DIR; };
		2B4BF9F61F039131008D9A99 /* XY_architecture_viperUITests.swift */ = {isa = PBXFileReference; lastKnownFileType = sourcecode.swift; path = XY_architecture_viperUITests.swift; sourceTree = "<group>"; };
		2B4BF9F81F039131008D9A99 /* Info.plist */ = {isa = PBXFileReference; lastKnownFileType = text.plist.xml; path = Info.plist; sourceTree = "<group>"; };
		2B87E4771F0F8E0B005796E4 /* XYViperProtocols.swift */ = {isa = PBXFileReference; fileEncoding = 4; lastKnownFileType = sourcecode.swift; path = XYViperProtocols.swift; sourceTree = "<group>"; };
		2B87E4861F0F8F20005796E4 /* MainModuleInterface.swift */ = {isa = PBXFileReference; fileEncoding = 4; lastKnownFileType = sourcecode.swift; path = MainModuleInterface.swift; sourceTree = "<group>"; };
		2B87E4881F0F8F64005796E4 /* LoginModuleInterface.swift */ = {isa = PBXFileReference; fileEncoding = 4; lastKnownFileType = sourcecode.swift; path = LoginModuleInterface.swift; sourceTree = "<group>"; };
		2B87E48A1F0F8F7D005796E4 /* RegisterModuleInterface.swift */ = {isa = PBXFileReference; fileEncoding = 4; lastKnownFileType = sourcecode.swift; path = RegisterModuleInterface.swift; sourceTree = "<group>"; };
		2B87E48C1F0F8F9B005796E4 /* RegisterModuleDelegate.swift */ = {isa = PBXFileReference; fileEncoding = 4; lastKnownFileType = sourcecode.swift; path = RegisterModuleDelegate.swift; sourceTree = "<group>"; };
		2B87E48E1F0F8FB4005796E4 /* LoginModuleDelegate.swift */ = {isa = PBXFileReference; fileEncoding = 4; lastKnownFileType = sourcecode.swift; path = LoginModuleDelegate.swift; sourceTree = "<group>"; };
		2B87E4901F0F8FC3005796E4 /* MainModuleDelegate.swift */ = {isa = PBXFileReference; fileEncoding = 4; lastKnownFileType = sourcecode.swift; path = MainModuleDelegate.swift; sourceTree = "<group>"; };
		2B87E4921F0F901C005796E4 /* LoginViewController.swift */ = {isa = PBXFileReference; fileEncoding = 4; lastKnownFileType = sourcecode.swift; path = LoginViewController.swift; sourceTree = "<group>"; };
		2B87E4941F0F9047005796E4 /* RegisterViewController.swift */ = {isa = PBXFileReference; fileEncoding = 4; lastKnownFileType = sourcecode.swift; path = RegisterViewController.swift; sourceTree = "<group>"; };
		2B87E4961F0F9063005796E4 /* MainViewController.swift */ = {isa = PBXFileReference; fileEncoding = 4; lastKnownFileType = sourcecode.swift; path = MainViewController.swift; sourceTree = "<group>"; };
		2B87E4981F0F90C9005796E4 /* RegisterPresenter.swift */ = {isa = PBXFileReference; fileEncoding = 4; lastKnownFileType = sourcecode.swift; path = RegisterPresenter.swift; sourceTree = "<group>"; };
		2B87E49A1F0F90E9005796E4 /* LoginPresenter.swift */ = {isa = PBXFileReference; fileEncoding = 4; lastKnownFileType = sourcecode.swift; path = LoginPresenter.swift; sourceTree = "<group>"; };
		2B87E49C1F0F9109005796E4 /* MainPresenter.swift */ = {isa = PBXFileReference; fileEncoding = 4; lastKnownFileType = sourcecode.swift; path = MainPresenter.swift; sourceTree = "<group>"; };
		2B87E49E1F0F9136005796E4 /* RegisterInteractor.swift */ = {isa = PBXFileReference; fileEncoding = 4; lastKnownFileType = sourcecode.swift; path = RegisterInteractor.swift; sourceTree = "<group>"; };
		2B87E4A01F0F914C005796E4 /* LoginInteractor.swift */ = {isa = PBXFileReference; fileEncoding = 4; lastKnownFileType = sourcecode.swift; path = LoginInteractor.swift; sourceTree = "<group>"; };
		2B87E4A21F0F9168005796E4 /* MainInteractor.swift */ = {isa = PBXFileReference; fileEncoding = 4; lastKnownFileType = sourcecode.swift; path = MainInteractor.swift; sourceTree = "<group>"; };
		2B87E4A41F0F9194005796E4 /* RegisterRouter.swift */ = {isa = PBXFileReference; fileEncoding = 4; lastKnownFileType = sourcecode.swift; path = RegisterRouter.swift; sourceTree = "<group>"; };
		2B87E4A61F0F91A4005796E4 /* LoginRouter.swift */ = {isa = PBXFileReference; fileEncoding = 4; lastKnownFileType = sourcecode.swift; path = LoginRouter.swift; sourceTree = "<group>"; };
		2B87E4A81F0F91B9005796E4 /* MainRouter.swift */ = {isa = PBXFileReference; fileEncoding = 4; lastKnownFileType = sourcecode.swift; path = MainRouter.swift; sourceTree = "<group>"; };
		2B87E4AB1F0F920A005796E4 /* AppDelegateDependency.swift */ = {isa = PBXFileReference; fileEncoding = 4; lastKnownFileType = sourcecode.swift; path = AppDelegateDependency.swift; sourceTree = "<group>"; };
/* End PBXFileReference section */

/* Begin PBXFrameworksBuildPhase section */
		2B4BF9D01F039131008D9A99 /* Frameworks */ = {
			isa = PBXFrameworksBuildPhase;
			buildActionMask = 2147483647;
			files = (
			);
			runOnlyForDeploymentPostprocessing = 0;
		};
		2B4BF9E41F039131008D9A99 /* Frameworks */ = {
			isa = PBXFrameworksBuildPhase;
			buildActionMask = 2147483647;
			files = (
			);
			runOnlyForDeploymentPostprocessing = 0;
		};
		2B4BF9EF1F039131008D9A99 /* Frameworks */ = {
			isa = PBXFrameworksBuildPhase;
			buildActionMask = 2147483647;
			files = (
			);
			runOnlyForDeploymentPostprocessing = 0;
		};
/* End PBXFrameworksBuildPhase section */

/* Begin PBXGroup section */
		2B4BF9CA1F039131008D9A99 = {
			isa = PBXGroup;
			children = (
				2B4BF9D51F039131008D9A99 /* XY.architecture.viper */,
				2B4BF9EA1F039131008D9A99 /* XY.architecture.viperTests */,
				2B4BF9F51F039131008D9A99 /* XY.architecture.viperUITests */,
				2B4BF9D41F039131008D9A99 /* Products */,
			);
			sourceTree = "<group>";
		};
		2B4BF9D41F039131008D9A99 /* Products */ = {
			isa = PBXGroup;
			children = (
				2B4BF9D31F039131008D9A99 /* XY.architecture.viper.app */,
				2B4BF9E71F039131008D9A99 /* XY.architecture.viperTests.xctest */,
				2B4BF9F21F039131008D9A99 /* XY.architecture.viperUITests.xctest */,
			);
			name = Products;
			sourceTree = "<group>";
		};
		2B4BF9D51F039131008D9A99 /* XY.architecture.viper */ = {
			isa = PBXGroup;
			children = (
				2B87E4AA1F0F91D9005796E4 /* ViperCore */,
				2B87E4791F0F8E56005796E4 /* Modules */,
				2B4BF9D61F039131008D9A99 /* AppDelegate.swift */,
				2B87E4AB1F0F920A005796E4 /* AppDelegateDependency.swift */,
				2B4BF9D81F039131008D9A99 /* ViewController.swift */,
				2B4BF9DA1F039131008D9A99 /* Main.storyboard */,
				2B4BF9DD1F039131008D9A99 /* Assets.xcassets */,
				2B4BF9DF1F039131008D9A99 /* LaunchScreen.storyboard */,
				2B4BF9E21F039131008D9A99 /* Info.plist */,
			);
			path = XY.architecture.viper;
			sourceTree = "<group>";
		};
		2B4BF9EA1F039131008D9A99 /* XY.architecture.viperTests */ = {
			isa = PBXGroup;
			children = (
				2B4BF9EB1F039131008D9A99 /* XY_architecture_viperTests.swift */,
				2B4BF9ED1F039131008D9A99 /* Info.plist */,
			);
			path = XY.architecture.viperTests;
			sourceTree = "<group>";
		};
		2B4BF9F51F039131008D9A99 /* XY.architecture.viperUITests */ = {
			isa = PBXGroup;
			children = (
				2B4BF9F61F039131008D9A99 /* XY_architecture_viperUITests.swift */,
				2B4BF9F81F039131008D9A99 /* Info.plist */,
			);
			path = XY.architecture.viperUITests;
			sourceTree = "<group>";
		};
		2B87E4791F0F8E56005796E4 /* Modules */ = {
			isa = PBXGroup;
			children = (
				2B87E47C1F0F8E79005796E4 /* Register */,
				2B87E47B1F0F8E74005796E4 /* Login */,
				2B87E47A1F0F8E6C005796E4 /* Main */,
			);
			name = Modules;
			sourceTree = "<group>";
		};
		2B87E47A1F0F8E6C005796E4 /* Main */ = {
			isa = PBXGroup;
			children = (
				2B87E4851F0F8EF5005796E4 /* User Interface */,
				2B87E4841F0F8EEF005796E4 /* Module Interface */,
				2B87E4831F0F8EE7005796E4 /* Application Logic */,
			);
			name = Main;
			sourceTree = "<group>";
		};
		2B87E47B1F0F8E74005796E4 /* Login */ = {
			isa = PBXGroup;
			children = (
				2B87E4821F0F8EE0005796E4 /* Application Logic */,
				2B87E4811F0F8ED1005796E4 /* Module Interface */,
				2B87E4801F0F8ECA005796E4 /* User Interface */,
			);
			name = Login;
			sourceTree = "<group>";
		};
		2B87E47C1F0F8E79005796E4 /* Register */ = {
			isa = PBXGroup;
			children = (
				2B87E47F1F0F8E9F005796E4 /* User Interface */,
				2B87E47E1F0F8E8E005796E4 /* Module Interface */,
				2B87E47D1F0F8E85005796E4 /* Application Logic */,
			);
			name = Register;
			sourceTree = "<group>";
		};
		2B87E47D1F0F8E85005796E4 /* Application Logic */ = {
			isa = PBXGroup;
			children = (
				2B87E49E1F0F9136005796E4 /* RegisterInteractor.swift */,
			);
			name = "Application Logic";
			sourceTree = "<group>";
		};
		2B87E47E1F0F8E8E005796E4 /* Module Interface */ = {
			isa = PBXGroup;
			children = (
				2B87E48A1F0F8F7D005796E4 /* RegisterModuleInterface.swift */,
			);
			name = "Module Interface";
			sourceTree = "<group>";
		};
		2B87E47F1F0F8E9F005796E4 /* User Interface */ = {
			isa = PBXGroup;
			children = (
				2B87E48C1F0F8F9B005796E4 /* RegisterModuleDelegate.swift */,
				2B87E4941F0F9047005796E4 /* RegisterViewController.swift */,
				2B87E4981F0F90C9005796E4 /* RegisterPresenter.swift */,
				2B87E4A41F0F9194005796E4 /* RegisterRouter.swift */,
			);
			name = "User Interface";
			sourceTree = "<group>";
		};
		2B87E4801F0F8ECA005796E4 /* User Interface */ = {
			isa = PBXGroup;
			children = (
				2B87E4921F0F901C005796E4 /* LoginViewController.swift */,
				2B87E48E1F0F8FB4005796E4 /* LoginModuleDelegate.swift */,
				2B87E49A1F0F90E9005796E4 /* LoginPresenter.swift */,
			);
			name = "User Interface";
			sourceTree = "<group>";
		};
		2B87E4811F0F8ED1005796E4 /* Module Interface */ = {
			isa = PBXGroup;
			children = (
				2B87E4881F0F8F64005796E4 /* LoginModuleInterface.swift */,
			);
			name = "Module Interface";
			sourceTree = "<group>";
		};
		2B87E4821F0F8EE0005796E4 /* Application Logic */ = {
			isa = PBXGroup;
			children = (
				2B87E4A01F0F914C005796E4 /* LoginInteractor.swift */,
				2B87E4A61F0F91A4005796E4 /* LoginRouter.swift */,
			);
			name = "Application Logic";
			sourceTree = "<group>";
		};
		2B87E4831F0F8EE7005796E4 /* Application Logic */ = {
			isa = PBXGroup;
			children = (
				2B87E4A21F0F9168005796E4 /* MainInteractor.swift */,
			);
			name = "Application Logic";
			sourceTree = "<group>";
		};
		2B87E4841F0F8EEF005796E4 /* Module Interface */ = {
			isa = PBXGroup;
			children = (
				2B87E4861F0F8F20005796E4 /* MainModuleInterface.swift */,
			);
			name = "Module Interface";
			sourceTree = "<group>";
		};
		2B87E4851F0F8EF5005796E4 /* User Interface */ = {
			isa = PBXGroup;
			children = (
				2B87E4901F0F8FC3005796E4 /* MainModuleDelegate.swift */,
				2B87E4961F0F9063005796E4 /* MainViewController.swift */,
				2B87E49C1F0F9109005796E4 /* MainPresenter.swift */,
				2B87E4A81F0F91B9005796E4 /* MainRouter.swift */,
			);
			name = "User Interface";
			sourceTree = "<group>";
		};
		2B87E4AA1F0F91D9005796E4 /* ViperCore */ = {
			isa = PBXGroup;
			children = (
				2B87E4771F0F8E0B005796E4 /* XYViperProtocols.swift */,
			);
			name = ViperCore;
			sourceTree = "<group>";
		};
/* End PBXGroup section */

/* Begin PBXNativeTarget section */
		2B4BF9D21F039131008D9A99 /* XY.architecture.viper */ = {
			isa = PBXNativeTarget;
			buildConfigurationList = 2B4BF9FB1F039131008D9A99 /* Build configuration list for PBXNativeTarget "XY.architecture.viper" */;
			buildPhases = (
				2B4BF9CF1F039131008D9A99 /* Sources */,
				2B4BF9D01F039131008D9A99 /* Frameworks */,
				2B4BF9D11F039131008D9A99 /* Resources */,
			);
			buildRules = (
			);
			dependencies = (
			);
			name = XY.architecture.viper;
			productName = XY.architecture.viper;
			productReference = 2B4BF9D31F039131008D9A99 /* XY.architecture.viper.app */;
			productType = "com.apple.product-type.application";
		};
		2B4BF9E61F039131008D9A99 /* XY.architecture.viperTests */ = {
			isa = PBXNativeTarget;
			buildConfigurationList = 2B4BF9FE1F039131008D9A99 /* Build configuration list for PBXNativeTarget "XY.architecture.viperTests" */;
			buildPhases = (
				2B4BF9E31F039131008D9A99 /* Sources */,
				2B4BF9E41F039131008D9A99 /* Frameworks */,
				2B4BF9E51F039131008D9A99 /* Resources */,
			);
			buildRules = (
			);
			dependencies = (
				2B4BF9E91F039131008D9A99 /* PBXTargetDependency */,
			);
			name = XY.architecture.viperTests;
			productName = XY.architecture.viperTests;
			productReference = 2B4BF9E71F039131008D9A99 /* XY.architecture.viperTests.xctest */;
			productType = "com.apple.product-type.bundle.unit-test";
		};
		2B4BF9F11F039131008D9A99 /* XY.architecture.viperUITests */ = {
			isa = PBXNativeTarget;
			buildConfigurationList = 2B4BFA011F039131008D9A99 /* Build configuration list for PBXNativeTarget "XY.architecture.viperUITests" */;
			buildPhases = (
				2B4BF9EE1F039131008D9A99 /* Sources */,
				2B4BF9EF1F039131008D9A99 /* Frameworks */,
				2B4BF9F01F039131008D9A99 /* Resources */,
			);
			buildRules = (
			);
			dependencies = (
				2B4BF9F41F039131008D9A99 /* PBXTargetDependency */,
			);
			name = XY.architecture.viperUITests;
			productName = XY.architecture.viperUITests;
			productReference = 2B4BF9F21F039131008D9A99 /* XY.architecture.viperUITests.xctest */;
			productType = "com.apple.product-type.bundle.ui-testing";
		};
/* End PBXNativeTarget section */

/* Begin PBXProject section */
		2B4BF9CB1F039131008D9A99 /* Project object */ = {
			isa = PBXProject;
			attributes = {
				LastSwiftUpdateCheck = 0830;
				LastUpgradeCheck = 0830;
				ORGANIZATIONNAME = tdw;
				TargetAttributes = {
					2B4BF9D21F039131008D9A99 = {
						CreatedOnToolsVersion = 8.3.3;
						ProvisioningStyle = Automatic;
					};
					2B4BF9E61F039131008D9A99 = {
						CreatedOnToolsVersion = 8.3.3;
						ProvisioningStyle = Automatic;
						TestTargetID = 2B4BF9D21F039131008D9A99;
					};
					2B4BF9F11F039131008D9A99 = {
						CreatedOnToolsVersion = 8.3.3;
						ProvisioningStyle = Automatic;
						TestTargetID = 2B4BF9D21F039131008D9A99;
					};
				};
			};
			buildConfigurationList = 2B4BF9CE1F039131008D9A99 /* Build configuration list for PBXProject "XY.architecture.viper" */;
			compatibilityVersion = "Xcode 3.2";
			developmentRegion = English;
			hasScannedForEncodings = 0;
			knownRegions = (
				en,
				Base,
			);
			mainGroup = 2B4BF9CA1F039131008D9A99;
			productRefGroup = 2B4BF9D41F039131008D9A99 /* Products */;
			projectDirPath = "";
			projectRoot = "";
			targets = (
				2B4BF9D21F039131008D9A99 /* XY.architecture.viper */,
				2B4BF9E61F039131008D9A99 /* XY.architecture.viperTests */,
				2B4BF9F11F039131008D9A99 /* XY.architecture.viperUITests */,
			);
		};
/* End PBXProject section */

/* Begin PBXResourcesBuildPhase section */
		2B4BF9D11F039131008D9A99 /* Resources */ = {
			isa = PBXResourcesBuildPhase;
			buildActionMask = 2147483647;
			files = (
				2B4BF9E11F039131008D9A99 /* LaunchScreen.storyboard in Resources */,
				2B4BF9DE1F039131008D9A99 /* Assets.xcassets in Resources */,
				2B4BF9DC1F039131008D9A99 /* Main.storyboard in Resources */,
			);
			runOnlyForDeploymentPostprocessing = 0;
		};
		2B4BF9E51F039131008D9A99 /* Resources */ = {
			isa = PBXResourcesBuildPhase;
			buildActionMask = 2147483647;
			files = (
			);
			runOnlyForDeploymentPostprocessing = 0;
		};
		2B4BF9F01F039131008D9A99 /* Resources */ = {
			isa = PBXResourcesBuildPhase;
			buildActionMask = 2147483647;
			files = (
			);
			runOnlyForDeploymentPostprocessing = 0;
		};
/* End PBXResourcesBuildPhase section */

/* Begin PBXSourcesBuildPhase section */
		2B4BF9CF1F039131008D9A99 /* Sources */ = {
			isa = PBXSourcesBuildPhase;
			buildActionMask = 2147483647;
			files = (
				2B87E4A11F0F914C005796E4 /* LoginInteractor.swift in Sources */,
				2B87E48B1F0F8F7D005796E4 /* RegisterModuleInterface.swift in Sources */,
				2B87E4951F0F9047005796E4 /* RegisterViewController.swift in Sources */,
				2B87E49B1F0F90E9005796E4 /* LoginPresenter.swift in Sources */,
				2B87E49F1F0F9136005796E4 /* RegisterInteractor.swift in Sources */,
				2B87E4A31F0F9168005796E4 /* MainInteractor.swift in Sources */,
				2B87E4871F0F8F20005796E4 /* MainModuleInterface.swift in Sources */,
				2B87E4971F0F9063005796E4 /* MainViewController.swift in Sources */,
				2B87E4A91F0F91B9005796E4 /* MainRouter.swift in Sources */,
				2B87E4AC1F0F920A005796E4 /* AppDelegateDependency.swift in Sources */,
				2B4BF9D91F039131008D9A99 /* ViewController.swift in Sources */,
				2B87E48D1F0F8F9B005796E4 /* RegisterModuleDelegate.swift in Sources */,
				2B4BF9D71F039131008D9A99 /* AppDelegate.swift in Sources */,
				2B87E4991F0F90C9005796E4 /* RegisterPresenter.swift in Sources */,
				2B87E4781F0F8E0B005796E4 /* XYViperProtocols.swift in Sources */,
				2B87E49D1F0F9109005796E4 /* MainPresenter.swift in Sources */,
				2B87E4911F0F8FC3005796E4 /* MainModuleDelegate.swift in Sources */,
				2B87E4A51F0F9194005796E4 /* RegisterRouter.swift in Sources */,
				2B87E48F1F0F8FB4005796E4 /* LoginModuleDelegate.swift in Sources */,
				2B87E4931F0F901C005796E4 /* LoginViewController.swift in Sources */,
				2B87E4A71F0F91A4005796E4 /* LoginRouter.swift in Sources */,
				2B87E4891F0F8F64005796E4 /* LoginModuleInterface.swift in Sources */,
			);
			runOnlyForDeploymentPostprocessing = 0;
		};
		2B4BF9E31F039131008D9A99 /* Sources */ = {
			isa = PBXSourcesBuildPhase;
			buildActionMask = 2147483647;
			files = (
				2B4BF9EC1F039131008D9A99 /* XY_architecture_viperTests.swift in Sources */,
			);
			runOnlyForDeploymentPostprocessing = 0;
		};
		2B4BF9EE1F039131008D9A99 /* Sources */ = {
			isa = PBXSourcesBuildPhase;
			buildActionMask = 2147483647;
			files = (
				2B4BF9F71F039131008D9A99 /* XY_architecture_viperUITests.swift in Sources */,
			);
			runOnlyForDeploymentPostprocessing = 0;
		};
/* End PBXSourcesBuildPhase section */

/* Begin PBXTargetDependency section */
		2B4BF9E91F039131008D9A99 /* PBXTargetDependency */ = {
			isa = PBXTargetDependency;
			target = 2B4BF9D21F039131008D9A99 /* XY.architecture.viper */;
			targetProxy = 2B4BF9E81F039131008D9A99 /* PBXContainerItemProxy */;
		};
		2B4BF9F41F039131008D9A99 /* PBXTargetDependency */ = {
			isa = PBXTargetDependency;
			target = 2B4BF9D21F039131008D9A99 /* XY.architecture.viper */;
			targetProxy = 2B4BF9F31F039131008D9A99 /* PBXContainerItemProxy */;
		};
/* End PBXTargetDependency section */

/* Begin PBXVariantGroup section */
		2B4BF9DA1F039131008D9A99 /* Main.storyboard */ = {
			isa = PBXVariantGroup;
			children = (
				2B4BF9DB1F039131008D9A99 /* Base */,
			);
			name = Main.storyboard;
			sourceTree = "<group>";
		};
		2B4BF9DF1F039131008D9A99 /* LaunchScreen.storyboard */ = {
			isa = PBXVariantGroup;
			children = (
				2B4BF9E01F039131008D9A99 /* Base */,
			);
			name = LaunchScreen.storyboard;
			sourceTree = "<group>";
		};
/* End PBXVariantGroup section */

/* Begin XCBuildConfiguration section */
		2B4BF9F91F039131008D9A99 /* Debug */ = {
			isa = XCBuildConfiguration;
			buildSettings = {
				ALWAYS_SEARCH_USER_PATHS = NO;
				CLANG_ANALYZER_NONNULL = YES;
				CLANG_ANALYZER_NUMBER_OBJECT_CONVERSION = YES_AGGRESSIVE;
				CLANG_CXX_LANGUAGE_STANDARD = "gnu++0x";
				CLANG_CXX_LIBRARY = "libc++";
				CLANG_ENABLE_MODULES = YES;
				CLANG_ENABLE_OBJC_ARC = YES;
				CLANG_WARN_BOOL_CONVERSION = YES;
				CLANG_WARN_CONSTANT_CONVERSION = YES;
				CLANG_WARN_DIRECT_OBJC_ISA_USAGE = YES_ERROR;
				CLANG_WARN_DOCUMENTATION_COMMENTS = YES;
				CLANG_WARN_EMPTY_BODY = YES;
				CLANG_WARN_ENUM_CONVERSION = YES;
				CLANG_WARN_INFINITE_RECURSION = YES;
				CLANG_WARN_INT_CONVERSION = YES;
				CLANG_WARN_OBJC_ROOT_CLASS = YES_ERROR;
				CLANG_WARN_SUSPICIOUS_MOVE = YES;
				CLANG_WARN_UNREACHABLE_CODE = YES;
				CLANG_WARN__DUPLICATE_METHOD_MATCH = YES;
				"CODE_SIGN_IDENTITY[sdk=iphoneos*]" = "iPhone Developer";
				COPY_PHASE_STRIP = NO;
				DEBUG_INFORMATION_FORMAT = dwarf;
				ENABLE_STRICT_OBJC_MSGSEND = YES;
				ENABLE_TESTABILITY = YES;
				GCC_C_LANGUAGE_STANDARD = gnu99;
				GCC_DYNAMIC_NO_PIC = NO;
				GCC_NO_COMMON_BLOCKS = YES;
				GCC_OPTIMIZATION_LEVEL = 0;
				GCC_PREPROCESSOR_DEFINITIONS = (
					"DEBUG=1",
					"$(inherited)",
				);
				GCC_WARN_64_TO_32_BIT_CONVERSION = YES;
				GCC_WARN_ABOUT_RETURN_TYPE = YES_ERROR;
				GCC_WARN_UNDECLARED_SELECTOR = YES;
				GCC_WARN_UNINITIALIZED_AUTOS = YES_AGGRESSIVE;
				GCC_WARN_UNUSED_FUNCTION = YES;
				GCC_WARN_UNUSED_VARIABLE = YES;
				IPHONEOS_DEPLOYMENT_TARGET = 10.3;
				MTL_ENABLE_DEBUG_INFO = YES;
				ONLY_ACTIVE_ARCH = YES;
				SDKROOT = iphoneos;
				SWIFT_ACTIVE_COMPILATION_CONDITIONS = DEBUG;
				SWIFT_OPTIMIZATION_LEVEL = "-Onone";
				TARGETED_DEVICE_FAMILY = "1,2";
			};
			name = Debug;
		};
		2B4BF9FA1F039131008D9A99 /* Release */ = {
			isa = XCBuildConfiguration;
			buildSettings = {
				ALWAYS_SEARCH_USER_PATHS = NO;
				CLANG_ANALYZER_NONNULL = YES;
				CLANG_ANALYZER_NUMBER_OBJECT_CONVERSION = YES_AGGRESSIVE;
				CLANG_CXX_LANGUAGE_STANDARD = "gnu++0x";
				CLANG_CXX_LIBRARY = "libc++";
				CLANG_ENABLE_MODULES = YES;
				CLANG_ENABLE_OBJC_ARC = YES;
				CLANG_WARN_BOOL_CONVERSION = YES;
				CLANG_WARN_CONSTANT_CONVERSION = YES;
				CLANG_WARN_DIRECT_OBJC_ISA_USAGE = YES_ERROR;
				CLANG_WARN_DOCUMENTATION_COMMENTS = YES;
				CLANG_WARN_EMPTY_BODY = YES;
				CLANG_WARN_ENUM_CONVERSION = YES;
				CLANG_WARN_INFINITE_RECURSION = YES;
				CLANG_WARN_INT_CONVERSION = YES;
				CLANG_WARN_OBJC_ROOT_CLASS = YES_ERROR;
				CLANG_WARN_SUSPICIOUS_MOVE = YES;
				CLANG_WARN_UNREACHABLE_CODE = YES;
				CLANG_WARN__DUPLICATE_METHOD_MATCH = YES;
				"CODE_SIGN_IDENTITY[sdk=iphoneos*]" = "iPhone Developer";
				COPY_PHASE_STRIP = NO;
				DEBUG_INFORMATION_FORMAT = "dwarf-with-dsym";
				ENABLE_NS_ASSERTIONS = NO;
				ENABLE_STRICT_OBJC_MSGSEND = YES;
				GCC_C_LANGUAGE_STANDARD = gnu99;
				GCC_NO_COMMON_BLOCKS = YES;
				GCC_WARN_64_TO_32_BIT_CONVERSION = YES;
				GCC_WARN_ABOUT_RETURN_TYPE = YES_ERROR;
				GCC_WARN_UNDECLARED_SELECTOR = YES;
				GCC_WARN_UNINITIALIZED_AUTOS = YES_AGGRESSIVE;
				GCC_WARN_UNUSED_FUNCTION = YES;
				GCC_WARN_UNUSED_VARIABLE = YES;
				IPHONEOS_DEPLOYMENT_TARGET = 10.3;
				MTL_ENABLE_DEBUG_INFO = NO;
				SDKROOT = iphoneos;
				SWIFT_OPTIMIZATION_LEVEL = "-Owholemodule";
				TARGETED_DEVICE_FAMILY = "1,2";
				VALIDATE_PRODUCT = YES;
			};
			name = Release;
		};
		2B4BF9FC1F039131008D9A99 /* Debug */ = {
			isa = XCBuildConfiguration;
			buildSettings = {
				ASSETCATALOG_COMPILER_APPICON_NAME = AppIcon;
				INFOPLIST_FILE = XY.architecture.viper/Info.plist;
				LD_RUNPATH_SEARCH_PATHS = "$(inherited) @executable_path/Frameworks";
				PRODUCT_BUNDLE_IDENTIFIER = "com.xuyanci.architecture.viper.XY-architecture-viper";
				PRODUCT_NAME = "$(TARGET_NAME)";
				SWIFT_VERSION = 3.0;
			};
			name = Debug;
		};
		2B4BF9FD1F039131008D9A99 /* Release */ = {
			isa = XCBuildConfiguration;
			buildSettings = {
				ASSETCATALOG_COMPILER_APPICON_NAME = AppIcon;
				INFOPLIST_FILE = XY.architecture.viper/Info.plist;
				LD_RUNPATH_SEARCH_PATHS = "$(inherited) @executable_path/Frameworks";
				PRODUCT_BUNDLE_IDENTIFIER = "com.xuyanci.architecture.viper.XY-architecture-viper";
				PRODUCT_NAME = "$(TARGET_NAME)";
				SWIFT_VERSION = 3.0;
			};
			name = Release;
		};
		2B4BF9FF1F039131008D9A99 /* Debug */ = {
			isa = XCBuildConfiguration;
			buildSettings = {
				ALWAYS_EMBED_SWIFT_STANDARD_LIBRARIES = YES;
				BUNDLE_LOADER = "$(TEST_HOST)";
				INFOPLIST_FILE = XY.architecture.viperTests/Info.plist;
				LD_RUNPATH_SEARCH_PATHS = "$(inherited) @executable_path/Frameworks @loader_path/Frameworks";
				PRODUCT_BUNDLE_IDENTIFIER = "com.xuyanci.architecture.viper.XY-architecture-viperTests";
				PRODUCT_NAME = "$(TARGET_NAME)";
				SWIFT_VERSION = 3.0;
				TEST_HOST = "$(BUILT_PRODUCTS_DIR)/XY.architecture.viper.app/XY.architecture.viper";
			};
			name = Debug;
		};
		2B4BFA001F039131008D9A99 /* Release */ = {
			isa = XCBuildConfiguration;
			buildSettings = {
				ALWAYS_EMBED_SWIFT_STANDARD_LIBRARIES = YES;
				BUNDLE_LOADER = "$(TEST_HOST)";
				INFOPLIST_FILE = XY.architecture.viperTests/Info.plist;
				LD_RUNPATH_SEARCH_PATHS = "$(inherited) @executable_path/Frameworks @loader_path/Frameworks";
				PRODUCT_BUNDLE_IDENTIFIER = "com.xuyanci.architecture.viper.XY-architecture-viperTests";
				PRODUCT_NAME = "$(TARGET_NAME)";
				SWIFT_VERSION = 3.0;
				TEST_HOST = "$(BUILT_PRODUCTS_DIR)/XY.architecture.viper.app/XY.architecture.viper";
			};
			name = Release;
		};
		2B4BFA021F039131008D9A99 /* Debug */ = {
			isa = XCBuildConfiguration;
			buildSettings = {
				ALWAYS_EMBED_SWIFT_STANDARD_LIBRARIES = YES;
				INFOPLIST_FILE = XY.architecture.viperUITests/Info.plist;
				LD_RUNPATH_SEARCH_PATHS = "$(inherited) @executable_path/Frameworks @loader_path/Frameworks";
				PRODUCT_BUNDLE_IDENTIFIER = "com.xuyanci.architecture.viper.XY-architecture-viperUITests";
				PRODUCT_NAME = "$(TARGET_NAME)";
				SWIFT_VERSION = 3.0;
				TEST_TARGET_NAME = XY.architecture.viper;
			};
			name = Debug;
		};
		2B4BFA031F039131008D9A99 /* Release */ = {
			isa = XCBuildConfiguration;
			buildSettings = {
				ALWAYS_EMBED_SWIFT_STANDARD_LIBRARIES = YES;
				INFOPLIST_FILE = XY.architecture.viperUITests/Info.plist;
				LD_RUNPATH_SEARCH_PATHS = "$(inherited) @executable_path/Frameworks @loader_path/Frameworks";
				PRODUCT_BUNDLE_IDENTIFIER = "com.xuyanci.architecture.viper.XY-architecture-viperUITests";
				PRODUCT_NAME = "$(TARGET_NAME)";
				SWIFT_VERSION = 3.0;
				TEST_TARGET_NAME = XY.architecture.viper;
			};
			name = Release;
		};
/* End XCBuildConfiguration section */

/* Begin XCConfigurationList section */
		2B4BF9CE1F039131008D9A99 /* Build configuration list for PBXProject "XY.architecture.viper" */ = {
			isa = XCConfigurationList;
			buildConfigurations = (
				2B4BF9F91F039131008D9A99 /* Debug */,
				2B4BF9FA1F039131008D9A99 /* Release */,
			);
			defaultConfigurationIsVisible = 0;
			defaultConfigurationName = Release;
		};
		2B4BF9FB1F039131008D9A99 /* Build configuration list for PBXNativeTarget "XY.architecture.viper" */ = {
			isa = XCConfigurationList;
			buildConfigurations = (
				2B4BF9FC1F039131008D9A99 /* Debug */,
				2B4BF9FD1F039131008D9A99 /* Release */,
			);
			defaultConfigurationIsVisible = 0;
			defaultConfigurationName = Release;
		};
		2B4BF9FE1F039131008D9A99 /* Build configuration list for PBXNativeTarget "XY.architecture.viperTests" */ = {
			isa = XCConfigurationList;
			buildConfigurations = (
				2B4BF9FF1F039131008D9A99 /* Debug */,
				2B4BFA001F039131008D9A99 /* Release */,
			);
			defaultConfigurationIsVisible = 0;
			defaultConfigurationName = Release;
		};
		2B4BFA011F039131008D9A99 /* Build configuration list for PBXNativeTarget "XY.architecture.viperUITests" */ = {
			isa = XCConfigurationList;
			buildConfigurations = (
				2B4BFA021F039131008D9A99 /* Debug */,
				2B4BFA031F039131008D9A99 /* Release */,
			);
			defaultConfigurationIsVisible = 0;
			defaultConfigurationName = Release;
		};
/* End XCConfigurationList section */
	};
	rootObject = 2B4BF9CB1F039131008D9A99 /* Project object */;
}
